
Microsoft Visual Studio Solution File, Format Version 12.00
# Visual Studio 15
VisualStudioVersion = 15.0.28307.421
MinimumVisualStudioVersion = 10.0.40219.1
Project("{FAE04EC0-301F-11D3-BF4B-00C04F79EFBC}") = "Eateroo", "Eateroo\Eateroo.csproj", "{56D3561F-B00A-47A1-9D37-1E510F88E7CB}"
EndProject
Global
	GlobalSection(SolutionConfigurationPlatforms) = preSolution
		Debug|Any CPU = Debug|Any CPU
		Release|Any CPU = Release|Any CPU
	EndGlobalSection
	GlobalSection(ProjectConfigurationPlatforms) = postSolution
		{56D3561F-B00A-47A1-9D37-1E510F88E7CB}.Debug|Any CPU.ActiveCfg = Debug|Any CPU
		{56D3561F-B00A-47A1-9D37-1E510F88E7CB}.Debug|Any CPU.Build.0 = Debug|Any CPU
		{56D3561F-B00A-47A1-9D37-1E510F88E7CB}.Release|Any CPU.ActiveCfg = Release|Any CPU
		{56D3561F-B00A-47A1-9D37-1E510F88E7CB}.Release|Any CPU.Build.0 = Release|Any CPU
	EndGlobalSection
	GlobalSection(SolutionProperties) = preSolution
		HideSolutionNode = FALSE
	EndGlobalSection
	GlobalSection(ExtensibilityGlobals) = postSolution
		SolutionGuid = {8637E1EE-D5F5-4993-B099-5278A99E964A}
	EndGlobalSection
EndGlobal
